
Microsoft Visual Studio Solution File, Format Version 12.00
# Visual Studio Version 16
VisualStudioVersion = 16.0.29519.87
MinimumVisualStudioVersion = 10.0.40219.1
Project("{2150E333-8FDC-42A3-9474-1A3956D46DE8}") = "CleanArch.Application", "CleanArch.Application", "{12686303-0DB9-4A4C-9864-B6DA82FED5FD}"
EndProject
Project("{2150E333-8FDC-42A3-9474-1A3956D46DE8}") = "CleanArch.Domain", "CleanArch.Domain", "{D66799B5-B73B-4209-A0CD-DB1AB6B0F442}"
EndProject
Project("{2150E333-8FDC-42A3-9474-1A3956D46DE8}") = "CleanArch.Infra.IoC", "CleanArch.Infra.IoC", "{994E2E26-FC91-46C0-9EDC-65B8DCB6BE08}"
EndProject
Project("{2150E333-8FDC-42A3-9474-1A3956D46DE8}") = "CleanArch.Infra.Data", "CleanArch.Infra.Data", "{DBE3D4AF-E262-4566-AFDC-606BA58581FC}"
EndProject
Project("{2150E333-8FDC-42A3-9474-1A3956D46DE8}") = "CleanArch.UI.Mvc", "CleanArch.UI.Mvc", "{07E8E05D-2A2A-4CD9-A469-CCCE170FB250}"
EndProject
Project("{FAE04EC0-301F-11D3-BF4B-00C04F79EFBC}") = "CleanArch.Mvc", "CleanArch.Mvc\CleanArch.Mvc.csproj", "{64B85BC8-E5BA-47AB-ACD3-D8BBBA2AD703}"
EndProject
Global
	GlobalSection(SolutionConfigurationPlatforms) = preSolution
		Debug|Any CPU = Debug|Any CPU
		Release|Any CPU = Release|Any CPU
	EndGlobalSection
	GlobalSection(ProjectConfigurationPlatforms) = postSolution
		{64B85BC8-E5BA-47AB-ACD3-D8BBBA2AD703}.Debug|Any CPU.ActiveCfg = Debug|Any CPU
		{64B85BC8-E5BA-47AB-ACD3-D8BBBA2AD703}.Debug|Any CPU.Build.0 = Debug|Any CPU
		{64B85BC8-E5BA-47AB-ACD3-D8BBBA2AD703}.Release|Any CPU.ActiveCfg = Release|Any CPU
		{64B85BC8-E5BA-47AB-ACD3-D8BBBA2AD703}.Release|Any CPU.Build.0 = Release|Any CPU
	EndGlobalSection
	GlobalSection(SolutionProperties) = preSolution
		HideSolutionNode = FALSE
	EndGlobalSection
	GlobalSection(NestedProjects) = preSolution
		{64B85BC8-E5BA-47AB-ACD3-D8BBBA2AD703} = {07E8E05D-2A2A-4CD9-A469-CCCE170FB250}
	EndGlobalSection
	GlobalSection(ExtensibilityGlobals) = postSolution
		SolutionGuid = {A4BDCABB-4014-4AD8-9A73-6DAE192F72C0}
	EndGlobalSection
EndGlobal
